
Microsoft Visual Studio Solution File, Format Version 12.00
# Visual Studio 15
Project("{FAE04EC0-301F-11D3-BF4B-00C04F79EFBC}") = "Assembly-CSharp-firstpass", "Assembly-CSharp-firstpass.csproj", "{675A62B6-3467-264D-4AC6-8A378948DD57}"
EndProject
Project("{FAE04EC0-301F-11D3-BF4B-00C04F79EFBC}") = "Assembly-CSharp", "Assembly-CSharp.csproj", "{B9EA6A19-CABB-61EF-1ADB-94150B4E8E0B}"
EndProject
Global
	GlobalSection(SolutionConfigurationPlatforms) = preSolution
		Debug|Any CPU = Debug|Any CPU
		Release|Any CPU = Release|Any CPU
	EndGlobalSection
	GlobalSection(ProjectConfigurationPlatforms) = postSolution
		{675A62B6-3467-264D-4AC6-8A378948DD57}.Debug|Any CPU.ActiveCfg = Debug|Any CPU
		{675A62B6-3467-264D-4AC6-8A378948DD57}.Debug|Any CPU.Build.0 = Debug|Any CPU
		{675A62B6-3467-264D-4AC6-8A378948DD57}.Release|Any CPU.ActiveCfg = Release|Any CPU
		{675A62B6-3467-264D-4AC6-8A378948DD57}.Release|Any CPU.Build.0 = Release|Any CPU
		{B9EA6A19-CABB-61EF-1ADB-94150B4E8E0B}.Debug|Any CPU.ActiveCfg = Debug|Any CPU
		{B9EA6A19-CABB-61EF-1ADB-94150B4E8E0B}.Debug|Any CPU.Build.0 = Debug|Any CPU
		{B9EA6A19-CABB-61EF-1ADB-94150B4E8E0B}.Release|Any CPU.ActiveCfg = Release|Any CPU
		{B9EA6A19-CABB-61EF-1ADB-94150B4E8E0B}.Release|Any CPU.Build.0 = Release|Any CPU
	EndGlobalSection
	GlobalSection(SolutionProperties) = preSolution
		HideSolutionNode = FALSE
	EndGlobalSection
EndGlobal
